
Microsoft Visual Studio Solution File, Format Version 12.00
# Visual Studio Version 17
VisualStudioVersion = 17.0.31903.59
MinimumVisualStudioVersion = 10.0.40219.1
Project("{2150E333-8FDC-42A3-9474-1A3956D46DE8}") = "tests", "tests", "{062F28DD-A7A6-420A-9D4C-72113C14E6EC}"
EndProject
Project("{FAE04EC0-301F-11D3-BF4B-00C04F79EFBC}") = "WindowsMcp.Tests", "tests\WindowsMcp.Tests\WindowsMcp.Tests.csproj", "{B249ECCD-8F93-46AF-91E7-D04AC632DF86}"
EndProject
Project("{2150E333-8FDC-42A3-9474-1A3956D46DE8}") = "src", "src", "{00868D38-64C0-4FDC-971C-0410777788E7}"
EndProject
Project("{FAE04EC0-301F-11D3-BF4B-00C04F79EFBC}") = "WindowsMcp", "src\WindowsMcp\WindowsMcp.csproj", "{A540A6BD-E9EB-43AA-AEB7-DC3AAD64CD17}"
EndProject
Global
	GlobalSection(SolutionConfigurationPlatforms) = preSolution
		Debug|Any CPU = Debug|Any CPU
		Release|Any CPU = Release|Any CPU
	EndGlobalSection
	GlobalSection(SolutionProperties) = preSolution
		HideSolutionNode = FALSE
	EndGlobalSection
	GlobalSection(ProjectConfigurationPlatforms) = postSolution
		{B249ECCD-8F93-46AF-91E7-D04AC632DF86}.Debug|Any CPU.ActiveCfg = Debug|Any CPU
		{B249ECCD-8F93-46AF-91E7-D04AC632DF86}.Debug|Any CPU.Build.0 = Debug|Any CPU
		{B249ECCD-8F93-46AF-91E7-D04AC632DF86}.Release|Any CPU.ActiveCfg = Release|Any CPU
		{B249ECCD-8F93-46AF-91E7-D04AC632DF86}.Release|Any CPU.Build.0 = Release|Any CPU
		{A540A6BD-E9EB-43AA-AEB7-DC3AAD64CD17}.Debug|Any CPU.ActiveCfg = Debug|Any CPU
		{A540A6BD-E9EB-43AA-AEB7-DC3AAD64CD17}.Debug|Any CPU.Build.0 = Debug|Any CPU
		{A540A6BD-E9EB-43AA-AEB7-DC3AAD64CD17}.Release|Any CPU.ActiveCfg = Release|Any CPU
		{A540A6BD-E9EB-43AA-AEB7-DC3AAD64CD17}.Release|Any CPU.Build.0 = Release|Any CPU
	EndGlobalSection
	GlobalSection(NestedProjects) = preSolution
		{B249ECCD-8F93-46AF-91E7-D04AC632DF86} = {062F28DD-A7A6-420A-9D4C-72113C14E6EC}
		{A540A6BD-E9EB-43AA-AEB7-DC3AAD64CD17} = {00868D38-64C0-4FDC-971C-0410777788E7}
	EndGlobalSection
EndGlobal
